github.com/core-go/io v1.0.1 h1:oWQT2cCstexF7foQcGrmz6DzFA024sRxzyQ9/ehM66U=
github.com/core-go/io v1.0.1/go.mod h1:sCppNnbU1c+Eff3Oy782QcZdndXoKzeBPSP3UI4jW2w=
github.com/lib/pq v1.10.9 h1:YXG7RB+JIjhP29X+OtkiDnYaXQwpS4JEWq7dtCCRUEw=
github.com/lib/pq v1.10.9/go.mod h1:AlVN5x4E4T544tWzH6hKfbfQvm3HdbOxrmggDNAPY9o=
